
Microsoft Visual Studio Solution File, Format Version 12.00
# Visual Studio 15
VisualStudioVersion = 15.0.27703.2000
MinimumVisualStudioVersion = 10.0.40219.1
Project("{FAE04EC0-301F-11D3-BF4B-00C04F79EFBC}") = "ResturauntApp", "ResturauntApp\ResturauntApp.csproj", "{505352AD-523C-4325-940F-075C66B030FC}"
EndProject
Global
	GlobalSection(SolutionConfigurationPlatforms) = preSolution
		Debug|Any CPU = Debug|Any CPU
		Release|Any CPU = Release|Any CPU
	EndGlobalSection
	GlobalSection(ProjectConfigurationPlatforms) = postSolution
		{505352AD-523C-4325-940F-075C66B030FC}.Debug|Any CPU.ActiveCfg = Debug|Any CPU
		{505352AD-523C-4325-940F-075C66B030FC}.Debug|Any CPU.Build.0 = Debug|Any CPU
		{505352AD-523C-4325-940F-075C66B030FC}.Release|Any CPU.ActiveCfg = Release|Any CPU
		{505352AD-523C-4325-940F-075C66B030FC}.Release|Any CPU.Build.0 = Release|Any CPU
	EndGlobalSection
	GlobalSection(SolutionProperties) = preSolution
		HideSolutionNode = FALSE
	EndGlobalSection
	GlobalSection(ExtensibilityGlobals) = postSolution
		SolutionGuid = {7874402B-8EE7-4515-B4B2-7CEF4BB01C6C}
	EndGlobalSection
EndGlobal
